
Microsoft Visual Studio Solution File, Format Version 12.00
# Visual Studio 15
VisualStudioVersion = 15.0.28307.168
MinimumVisualStudioVersion = 10.0.40219.1
Project("{FAE04EC0-301F-11D3-BF4B-00C04F79EFBC}") = "TestProject", "TestProject\TestProject.csproj", "{EBFA5506-DD03-4F7F-9969-178B29887FEB}"
EndProject
Global
	GlobalSection(SolutionConfigurationPlatforms) = preSolution
		Debug|Any CPU = Debug|Any CPU
		Release|Any CPU = Release|Any CPU
	EndGlobalSection
	GlobalSection(ProjectConfigurationPlatforms) = postSolution
		{EBFA5506-DD03-4F7F-9969-178B29887FEB}.Debug|Any CPU.ActiveCfg = Debug|Any CPU
		{EBFA5506-DD03-4F7F-9969-178B29887FEB}.Debug|Any CPU.Build.0 = Debug|Any CPU
		{EBFA5506-DD03-4F7F-9969-178B29887FEB}.Release|Any CPU.ActiveCfg = Release|Any CPU
		{EBFA5506-DD03-4F7F-9969-178B29887FEB}.Release|Any CPU.Build.0 = Release|Any CPU
	EndGlobalSection
	GlobalSection(SolutionProperties) = preSolution
		HideSolutionNode = FALSE
	EndGlobalSection
	GlobalSection(ExtensibilityGlobals) = postSolution
		SolutionGuid = {150867F5-BA5C-4EE9-BCB9-746FC1BCCA6F}
	EndGlobalSection
EndGlobal
